<?xml version="1.0" encoding="utf-8"?>
<Project ToolsVersion="16.0" xmlns="http://schemas.microsoft.com/developer/msbuild/2003">
  <ItemGroup>
    <Filter Include="Source Files">
      <UniqueIdentifier>{949C01BA-241B-41B0-9A31-5538F8A2A308}</UniqueIdentifier>
    </Filter>
  </ItemGroup>
  <ItemGroup>
    <ClCompile Include="cmdutils.c">
      <Filter>Source Files</Filter>
    </ClCompile>
    <ClCompile Include="gui.c">
      <Filter>Source Files</Filter>
    </ClCompile>
    <ClCompile Include="hc_ui_main.c">
      <Filter>Source Files</Filter>
    </ClCompile>
    <ClCompile Include="hcp_setting.c">
      <Filter>Source Files</Filter>
    </ClCompile>
    <ClCompile Include="playlinklist.c">
      <Filter>Source Files</Filter>
    </ClCompile>
    <ClCompile Include="tinyfiledialogs.c">
      <Filter>Source Files</Filter>
    </ClCompile>
    <ClCompile Include="ffplay.c">
      <Filter>Source Files</Filter>
    </ClCompile>
  </ItemGroup>
  <ItemGroup>
    <ClInclude Include="gui.h">
      <Filter>Source Files</Filter>
    </ClInclude>
    <ClInclude Include="hc_common.h">
      <Filter>Source Files</Filter>
    </ClInclude>
    <ClInclude Include="hc_ffplay.h">
      <Filter>Source Files</Filter>
    </ClInclude>
    <ClInclude Include="hcp_setting.h">
      <Filter>Source Files</Filter>
    </ClInclude>
    <ClInclude Include="playlinklist.h">
      <Filter>Source Files</Filter>
    </ClInclude>
    <ClInclude Include="tinyfiledialogs.h">
      <Filter>Source Files</Filter>
    </ClInclude>
  </ItemGroup>
</Project>